
Microsoft Visual Studio Solution File, Format Version 12.00
# Visual Studio Version 17
VisualStudioVersion = 17.10.35013.160
MinimumVisualStudioVersion = 10.0.40219.1
Project("{9A19103F-16F7-4668-BE54-9A1E7A4F7556}") = "ProjFashion.Core", "ProjFashion.Core\ProjFashion.Core.csproj", "{73388FDC-BCC2-4F36-9BB1-93A5411E2B47}"
EndProject
Project("{9A19103F-16F7-4668-BE54-9A1E7A4F7556}") = "ProjectFashion.Application", "ProjectFashion.Application\ProjectFashion.Application.csproj", "{9033FDBC-439D-408A-A310-88D7CAC32926}"
EndProject
Project("{9A19103F-16F7-4668-BE54-9A1E7A4F7556}") = "ProjFashion.Infrastructure", "ProjFashion.Infrastructure\ProjFashion.Infrastructure.csproj", "{65F93CFB-19B4-4005-AAB2-DFDAB9FF7105}"
EndProject
Project("{2150E333-8FDC-42A3-9474-1A3956D46DE8}") = "Solution Items", "Solution Items", "{C9F5BE9E-CCBF-4DF5-BF84-262167C4848D}"
	ProjectSection(SolutionItems) = preProject
		.editorconfig = .editorconfig
	EndProjectSection
EndProject
Project("{2150E333-8FDC-42A3-9474-1A3956D46DE8}") = "Tests", "Tests", "{6FB60BFC-1F75-43CF-A70D-E233CE948F8B}"
EndProject
Project("{9A19103F-16F7-4668-BE54-9A1E7A4F7556}") = "ProjFashion.TestAPI", "ProjFashion.TestAPI\ProjFashion.TestAPI.csproj", "{971BA94F-C8E6-4C73-BD85-730C8053F0D4}"
EndProject
Project("{9A19103F-16F7-4668-BE54-9A1E7A4F7556}") = "Nunit.TestApplication", "Nunit.TestApplication\Nunit.TestApplication.csproj", "{3DE8FF11-67D5-4FD1-ACF6-4C73C49F1B6B}"
EndProject
Project("{2150E333-8FDC-42A3-9474-1A3956D46DE8}") = "src", "src", "{F2178B42-4D6E-4F62-886F-26A767F630A6}"
EndProject
Project("{FAE04EC0-301F-11D3-BF4B-00C04F79EFBC}") = "ProjFashion.WebApi", "ProjFashion.WebApi\ProjFashion.WebApi.csproj", "{ECA96369-25C0-4ECA-96B5-316D1576E888}"
EndProject
Global
	GlobalSection(SolutionConfigurationPlatforms) = preSolution
		Debug|Any CPU = Debug|Any CPU
		Release|Any CPU = Release|Any CPU
	EndGlobalSection
	GlobalSection(ProjectConfigurationPlatforms) = postSolution
		{73388FDC-BCC2-4F36-9BB1-93A5411E2B47}.Debug|Any CPU.ActiveCfg = Debug|Any CPU
		{73388FDC-BCC2-4F36-9BB1-93A5411E2B47}.Debug|Any CPU.Build.0 = Debug|Any CPU
		{73388FDC-BCC2-4F36-9BB1-93A5411E2B47}.Release|Any CPU.ActiveCfg = Release|Any CPU
		{73388FDC-BCC2-4F36-9BB1-93A5411E2B47}.Release|Any CPU.Build.0 = Release|Any CPU
		{9033FDBC-439D-408A-A310-88D7CAC32926}.Debug|Any CPU.ActiveCfg = Debug|Any CPU
		{9033FDBC-439D-408A-A310-88D7CAC32926}.Debug|Any CPU.Build.0 = Debug|Any CPU
		{9033FDBC-439D-408A-A310-88D7CAC32926}.Release|Any CPU.ActiveCfg = Release|Any CPU
		{9033FDBC-439D-408A-A310-88D7CAC32926}.Release|Any CPU.Build.0 = Release|Any CPU
		{65F93CFB-19B4-4005-AAB2-DFDAB9FF7105}.Debug|Any CPU.ActiveCfg = Debug|Any CPU
		{65F93CFB-19B4-4005-AAB2-DFDAB9FF7105}.Debug|Any CPU.Build.0 = Debug|Any CPU
		{65F93CFB-19B4-4005-AAB2-DFDAB9FF7105}.Release|Any CPU.ActiveCfg = Release|Any CPU
		{65F93CFB-19B4-4005-AAB2-DFDAB9FF7105}.Release|Any CPU.Build.0 = Release|Any CPU
		{971BA94F-C8E6-4C73-BD85-730C8053F0D4}.Debug|Any CPU.ActiveCfg = Debug|Any CPU
		{971BA94F-C8E6-4C73-BD85-730C8053F0D4}.Debug|Any CPU.Build.0 = Debug|Any CPU
		{971BA94F-C8E6-4C73-BD85-730C8053F0D4}.Release|Any CPU.ActiveCfg = Release|Any CPU
		{971BA94F-C8E6-4C73-BD85-730C8053F0D4}.Release|Any CPU.Build.0 = Release|Any CPU
		{3DE8FF11-67D5-4FD1-ACF6-4C73C49F1B6B}.Debug|Any CPU.ActiveCfg = Debug|Any CPU
		{3DE8FF11-67D5-4FD1-ACF6-4C73C49F1B6B}.Debug|Any CPU.Build.0 = Debug|Any CPU
		{3DE8FF11-67D5-4FD1-ACF6-4C73C49F1B6B}.Release|Any CPU.ActiveCfg = Release|Any CPU
		{3DE8FF11-67D5-4FD1-ACF6-4C73C49F1B6B}.Release|Any CPU.Build.0 = Release|Any CPU
		{ECA96369-25C0-4ECA-96B5-316D1576E888}.Debug|Any CPU.ActiveCfg = Debug|Any CPU
		{ECA96369-25C0-4ECA-96B5-316D1576E888}.Debug|Any CPU.Build.0 = Debug|Any CPU
		{ECA96369-25C0-4ECA-96B5-316D1576E888}.Release|Any CPU.ActiveCfg = Release|Any CPU
		{ECA96369-25C0-4ECA-96B5-316D1576E888}.Release|Any CPU.Build.0 = Release|Any CPU
	EndGlobalSection
	GlobalSection(SolutionProperties) = preSolution
		HideSolutionNode = FALSE
	EndGlobalSection
	GlobalSection(NestedProjects) = preSolution
		{73388FDC-BCC2-4F36-9BB1-93A5411E2B47} = {F2178B42-4D6E-4F62-886F-26A767F630A6}
		{9033FDBC-439D-408A-A310-88D7CAC32926} = {F2178B42-4D6E-4F62-886F-26A767F630A6}
		{65F93CFB-19B4-4005-AAB2-DFDAB9FF7105} = {F2178B42-4D6E-4F62-886F-26A767F630A6}
		{971BA94F-C8E6-4C73-BD85-730C8053F0D4} = {6FB60BFC-1F75-43CF-A70D-E233CE948F8B}
		{3DE8FF11-67D5-4FD1-ACF6-4C73C49F1B6B} = {6FB60BFC-1F75-43CF-A70D-E233CE948F8B}
		{ECA96369-25C0-4ECA-96B5-316D1576E888} = {F2178B42-4D6E-4F62-886F-26A767F630A6}
	EndGlobalSection
	GlobalSection(ExtensibilityGlobals) = postSolution
		SolutionGuid = {270F1682-16F2-4095-A4CB-783D80956E05}
	EndGlobalSection
EndGlobal
